
Microsoft Visual Studio Solution File, Format Version 12.00
# Visual Studio 15
VisualStudioVersion = 15.0.28307.705
MinimumVisualStudioVersion = 10.0.40219.1
Project("{FAE04EC0-301F-11D3-BF4B-00C04F79EFBC}") = "OnlineShopping.web", "OnlineShopping.web\OnlineShopping.web.csproj", "{53B12831-BF1C-44A5-9330-7B18B4C5F51E}"
EndProject
Project("{FAE04EC0-301F-11D3-BF4B-00C04F79EFBC}") = "OnlineShopping.Entities", "OnlineShopping.Entities\OnlineShopping.Entities.csproj", "{047EA6C4-542D-4E5A-AAD3-E9CCCF8067E0}"
EndProject
Project("{FAE04EC0-301F-11D3-BF4B-00C04F79EFBC}") = "OnlineShopping.Database", "OnlineShopping.Database\OnlineShopping.Database.csproj", "{C1F71290-50CE-4728-8528-55757E4A01FB}"
EndProject
Project("{FAE04EC0-301F-11D3-BF4B-00C04F79EFBC}") = "OnlineShopping.Services", "OnlineShopping.Services\OnlineShopping.Services.csproj", "{9356DB08-84F3-4DF0-844B-8B03A75221AA}"
EndProject
Global
	GlobalSection(SolutionConfigurationPlatforms) = preSolution
		Debug|Any CPU = Debug|Any CPU
		Release|Any CPU = Release|Any CPU
	EndGlobalSection
	GlobalSection(ProjectConfigurationPlatforms) = postSolution
		{53B12831-BF1C-44A5-9330-7B18B4C5F51E}.Debug|Any CPU.ActiveCfg = Debug|Any CPU
		{53B12831-BF1C-44A5-9330-7B18B4C5F51E}.Debug|Any CPU.Build.0 = Debug|Any CPU
		{53B12831-BF1C-44A5-9330-7B18B4C5F51E}.Release|Any CPU.ActiveCfg = Release|Any CPU
		{53B12831-BF1C-44A5-9330-7B18B4C5F51E}.Release|Any CPU.Build.0 = Release|Any CPU
		{047EA6C4-542D-4E5A-AAD3-E9CCCF8067E0}.Debug|Any CPU.ActiveCfg = Debug|Any CPU
		{047EA6C4-542D-4E5A-AAD3-E9CCCF8067E0}.Debug|Any CPU.Build.0 = Debug|Any CPU
		{047EA6C4-542D-4E5A-AAD3-E9CCCF8067E0}.Release|Any CPU.ActiveCfg = Release|Any CPU
		{047EA6C4-542D-4E5A-AAD3-E9CCCF8067E0}.Release|Any CPU.Build.0 = Release|Any CPU
		{C1F71290-50CE-4728-8528-55757E4A01FB}.Debug|Any CPU.ActiveCfg = Debug|Any CPU
		{C1F71290-50CE-4728-8528-55757E4A01FB}.Debug|Any CPU.Build.0 = Debug|Any CPU
		{C1F71290-50CE-4728-8528-55757E4A01FB}.Release|Any CPU.ActiveCfg = Release|Any CPU
		{C1F71290-50CE-4728-8528-55757E4A01FB}.Release|Any CPU.Build.0 = Release|Any CPU
		{9356DB08-84F3-4DF0-844B-8B03A75221AA}.Debug|Any CPU.ActiveCfg = Debug|Any CPU
		{9356DB08-84F3-4DF0-844B-8B03A75221AA}.Debug|Any CPU.Build.0 = Debug|Any CPU
		{9356DB08-84F3-4DF0-844B-8B03A75221AA}.Release|Any CPU.ActiveCfg = Release|Any CPU
		{9356DB08-84F3-4DF0-844B-8B03A75221AA}.Release|Any CPU.Build.0 = Release|Any CPU
	EndGlobalSection
	GlobalSection(SolutionProperties) = preSolution
		HideSolutionNode = FALSE
	EndGlobalSection
	GlobalSection(ExtensibilityGlobals) = postSolution
		SolutionGuid = {6E0A9C7C-6364-471C-8CAA-4965ADF2F136}
	EndGlobalSection
EndGlobal
